
Microsoft Visual Studio Solution File, Format Version 12.00
# Visual Studio Version 17
VisualStudioVersion = 17.4.33110.190
MinimumVisualStudioVersion = 10.0.40219.1
Project("{FAE04EC0-301F-11D3-BF4B-00C04F79EFBC}") = "Basic Core Programs", "Basic Core Programs.csproj", "{12F7F8D5-F8DB-4C3F-A4D7-054C5D736E15}"
EndProject
Global
	GlobalSection(SolutionConfigurationPlatforms) = preSolution
		Debug|Any CPU = Debug|Any CPU
		Release|Any CPU = Release|Any CPU
	EndGlobalSection
	GlobalSection(ProjectConfigurationPlatforms) = postSolution
		{12F7F8D5-F8DB-4C3F-A4D7-054C5D736E15}.Debug|Any CPU.ActiveCfg = Debug|Any CPU
		{12F7F8D5-F8DB-4C3F-A4D7-054C5D736E15}.Debug|Any CPU.Build.0 = Debug|Any CPU
		{12F7F8D5-F8DB-4C3F-A4D7-054C5D736E15}.Release|Any CPU.ActiveCfg = Release|Any CPU
		{12F7F8D5-F8DB-4C3F-A4D7-054C5D736E15}.Release|Any CPU.Build.0 = Release|Any CPU
	EndGlobalSection
	GlobalSection(SolutionProperties) = preSolution
		HideSolutionNode = FALSE
	EndGlobalSection
	GlobalSection(ExtensibilityGlobals) = postSolution
		SolutionGuid = {88F92ECE-9E84-42B5-A6B7-6B70B3D312DE}
	EndGlobalSection
EndGlobal
